github.com/aws/aws-sdk-go-v2 v1.36.4 h1:GySzjhVvx0ERP6eyfAbAuAXLtAda5TEy19E5q5W8I9E=
github.com/aws/aws-sdk-go-v2 v1.36.4/go.mod h1:LLXuLpgzEbD766Z5ECcRmi8AzSwfZItDtmABVkRLGzg=
github.com/aws/aws-sdk-go-v2/aws/protocol/eventstream v1.6.10 h1:zAybnyUQXIZ5mok5Jqwlf58/TFE7uvd3IAsa1aF9cXs=
github.com/aws/aws-sdk-go-v2/aws/protocol/eventstream v1.6.10/go.mod h1:qqvMj6gHLR/EXWZw4ZbqlPbQUyenf4h82UQUlKc+l14=
github.com/aws/aws-sdk-go-v2/config v1.29.16 h1:XkruGnXX1nEZ+Nyo9v84TzsX+nj86icbFAeust6uo8A=
github.com/aws/aws-sdk-go-v2/config v1.29.16/go.mod h1:uCW7PNjGwZ5cOGZ5jr8vCWrYkGIhPoTNV23Q/tpHKzg=
github.com/aws/aws-sdk-go-v2/credentials v1.17.69 h1:8B8ZQboRc3uaIKjshve/XlvJ570R7BKNy3gftSbS178=
github.com/aws/aws-sdk-go-v2/credentials v1.17.69/go.mod h1:gPME6I8grR1jCqBFEGthULiolzf/Sexq/Wy42ibKK9c=
github.com/aws/aws-sdk-go-v2/feature/ec2/imds v1.16.31 h1:oQWSGexYasNpYp4epLGZxxjsDo8BMBh6iNWkTXQvkwk=
github.com/aws/aws-sdk-go-v2/feature/ec2/imds v1.16.31/go.mod h1:nc332eGUU+djP3vrMI6blS0woaCfHTe3KiSQUVTMRq0=
github.com/aws/aws-sdk-go-v2/internal/configsources v1.3.35 h1:o1v1VFfPcDVlK3ll1L5xHsaQAFdNtZ5GXnNR7SwueC4=
github.com/aws/aws-sdk-go-v2/internal/configsources v1.3.35/go.mod h1:rZUQNYMNG+8uZxz9FOerQJ+FceCiodXvixpeRtdESrU=
github.com/aws/aws-sdk-go-v2/internal/endpoints/v2 v2.6.35 h1:R5b82ubO2NntENm3SAm0ADME+H630HomNJdgv+yZ3xw=
github.com/aws/aws-sdk-go-v2/internal/endpoints/v2 v2.6.35/go.mod h1:FuA+nmgMRfkzVKYDNEqQadvEMxtxl9+RLT9ribCwEMs=
github.com/aws/aws-sdk-go-v2/internal/ini v1.8.3 h1:bIqFDwgGXXN1Kpp99pDOdKMTTb5d2KyU5X/BZxjOkRo=
github.com/aws/aws-sdk-go-v2/internal/ini v1.8.3/go.mod h1:H5O/EsxDWyU+LP/V8i5sm8cxoZgc2fdNR9bxlOFrQTo=
github.com/aws/aws-sdk-go-v2/internal/v4a v1.3.35 h1:th/m+Q18CkajTw1iqx2cKkLCij/uz8NMwJFPK91p2ug=
github.com/aws/aws-sdk-go-v2/internal/v4a v1.3.35/go.mod h1:dkJuf0a1Bc8HAA0Zm2MoTGm/WDC18Td9vSbrQ1+VqE8=
github.com/aws/aws-sdk-go-v2/service/acm v1.32.2 h1:ltnW4UXiAYI/nTsv5kJH5p/um8D8p9sr1Jp1AGyoj3s=
github.com/aws/aws-sdk-go-v2/service/acm v1.32.2/go.mod h1:59CyynmfleQoFmrjMQ3tPnJ5avw7sDhbALd9yPYXCtM=
github.com/aws/aws-sdk-go-v2/service/amplify v1.33.2 h1:5c4TIwPrPStwlsCFKm0jBCZIe5S+1B3hZjt3U5aRUDg=
github.com/aws/aws-sdk-go-v2/service/amplify v1.33.2/go.mod h1:+v2q5+cNsmfNzf079EgXKvxmubHa6ZNDRA/weOiUdTU=
github.com/aws/aws-sdk-go-v2/service/apigateway v1.31.2 h1:1/Z0F1PA6A1eeLsm502bB5OYYQRmmiQVOTgS8FAegGc=
github.com/aws/aws-sdk-go-v2/service/apigateway v1.31.2/go.mod h1:feiyjU7qpOZ9BXA/BFxZ/hipgsnPtGyW/gxzr4l8WQM=
github.com/aws/aws-sdk-go-v2/service/appmesh v1.30.3 h1:4HK8iaNxNF0RXu7KK7fgAdo0ok/EQOhD0J26gknwTAI=
github.com/aws/aws-sdk-go-v2/service/appmesh v1.30.3/go.mod h1:BmNAjwA7BxUzdNMTd441/CvzuWPIr9V0FRDSCIgMQok=
github.com/aws/aws-sdk-go-v2/service/appsync v1.47.1 h1:Xvv0EMEWEquoH+ETHsRi/jijFH1oEnKD63Gl5XKWFO4=
github.com/aws/aws-sdk-go-v2/service/appsync v1.47.1/go.mod h1:dAhAjcr/2IGyIaYk9+mHUR5L9GVHn6VHbnLLeOMknNs=
github.com/aws/aws-sdk-go-v2/service/athena v1.51.1 h1:JrF2NAw5TO6VPZPXKe0NXz24fZJmkES0+8Tqs7fLv9M=
github.com/aws/aws-sdk-go-v2/service/athena v1.51.1/go.mod h1:YgGA1EiQd+4wikyDc3QGf9afxLB+exSXmcDbSnYDK+8=
github.com/aws/aws-sdk-go-v2/service/autoscaling v1.53.2 h1:NPslW0T7NPQxKQEwZYA1S0exrPfWqCXO5QyY/kZNUIQ=
github.com/aws/aws-sdk-go-v2/service/autoscaling v1.53.2/go.mod h1:bR598CXWah8FyPjkeYvhGM9cdiuDpiyILNCHuviv6aU=
github.com/aws/aws-sdk-go-v2/service/backup v1.42.2 h1:ckpEZv4C7O9nZi50kV/O/qevE57o6efuE3/Zgbf4H8c=
github.com/aws/aws-sdk-go-v2/service/backup v1.42.2/go.mod h1:537PgzYWDAEZJN3Z3KkyQAeCuk94iIVzIzvVzPmxO7w=
github.com/aws/aws-sdk-go-v2/service/batch v1.52.5 h1:FqGoYqwQP+gXp7hPD/u3J0aIcNcHUC+iZISuaLz8FX4=
github.com/aws/aws-sdk-go-v2/service/batch v1.52.5/go.mod h1:F+TqhqlmAAIPKQUK/rkjNRt0tJwTx6Seq7UzWy2rFbo=
github.com/aws/aws-sdk-go-v2/service/chime v1.36.3 h1:Y8R9WQcA63u98Bjm/qk6i8YGRDbjPdLaPoLSt7whPLs=
github.com/aws/aws-sdk-go-v2/service/chime v1.36.3/go.mod h1:7qEbkmOncHWvN9cG712jvjyzEvSPdtXesXe1vLDbXV0=
github.com/aws/aws-sdk-go-v2/service/cloud9 v1.29.3 h1:MmCM9nj3qgsnKgSEdcTIUehxtQ3pv6ZXaimQhObnXO0=
github.com/aws/aws-sdk-go-v2/service/cloud9 v1.29.3/go.mod h1:Zqsbx3m//XwdZnKZWXuhLsNdOdGht8V3kA24et9IYLQ=
github.com/aws/aws-sdk-go-v2/service/clouddirectory v1.25.3 h1:evEXbeZtKkMKPyIvrYI/X/RA82opCnB9Evl6SbRNIKU=
github.com/aws/aws-sdk-go-v2/service/clouddirectory v1.25.3/go.mod h1:Qu1xNf/wm1OFDhnVeUcfHBWJ3R+EJEh1YsUCNIpcOXM=
github.com/aws/aws-sdk-go-v2/service/cloudformation v1.60.2 h1:65yRQ2UJzxrz/p9zSSueMD85Ljc0Yi5AAmpunMjLWTA=
github.com/aws/aws-sdk-go-v2/service/cloudformation v1.60.2/go.mod h1:eT1D8O1WB6bLFrd+bk33NXn0KQG6rBmfj7AkGQPiDCA=
github.com/aws/aws-sdk-go-v2/service/cloudfront v1.46.2 h1:mrX4pWplJMqtAprx/6icoVIIDvJnvmnplRmnAkvE3Nc=
github.com/aws/aws-sdk-go-v2/service/cloudfront v1.46.2/go.mod h1:MC/Deqbv9DKnHkou5Y0SNM5FCCYO5cGQ7mhmM2rO11U=
github.com/aws/aws-sdk-go-v2/service/cloudhsm v1.25.3 h1:v1rgCWWupmh9dOVc5unpQJIylf4w2bizB1XuKLCIDSc=
github.com/aws/aws-sdk-go-v2/service/cloudhsm v1.25.3/go.mod h1:pCTVCEx4FsTrLV4Dc2G4wrqVUgSg91kuiqa5l/9EOJQ=
github.com/aws/aws-sdk-go-v2/service/cloudhsmv2 v1.30.3 h1:szaLAK9ONwOPj+9u+1+rP37lFp3aK2j2Dd4+c6DXlXg=
github.com/aws/aws-sdk-go-v2/service/cloudhsmv2 v1.30.3/go.mod h1:INk3A65pUxD4l8jBi52Vlb43xuqdxtG04SFNg1NF+5I=
github.com/aws/aws-sdk-go-v2/service/cloudsearch v1.27.3 h1:+PEf0OJa6tk68dBq2sSNLgxAIuKp4oakoBG7LOBJYlY=
github.com/aws/aws-sdk-go-v2/service/cloudsearch v1.27.3/go.mod h1:gYzbnwVJIC/UqwdmdrPlvFEcB3+pTTBBoQuGuv5vGUw=
github.com/aws/aws-sdk-go-v2/service/cloudtrail v1.49.2 h1:rJlMdsEIBH+cTvsW+rO6lpw0SaifW7u3XqW8KeY+4kk=
github.com/aws/aws-sdk-go-v2/service/cloudtrail v1.49.2/go.mod h1:36hnAluz+5VwkxsRDKLR1KmwvfPcvvI0tNkq5fcvlMY=
github.com/aws/aws-sdk-go-v2/service/codebuild v1.61.1 h1:fNrluu+eX4zpqcfIQXfRaVNRjkx3n/5jYEaA9nq9DlI=
github.com/aws/aws-sdk-go-v2/service/codebuild v1.61.1/go.mod h1:HoBS9LHa2jeQ4pupzRNu0aQ2u/WBtFeCIPuRxiegOGo=
github.com/aws/aws-sdk-go-v2/service/codecommit v1.28.3 h1:IGBVokUO4v/EX+PQIoHVx2rCsmOhckFGErRoRzGO4YU=
github.com/aws/aws-sdk-go-v2/service/codecommit v1.28.3/go.mod h1:HSGnWHpGRS6fKvMND1Df6iViXhPs5+h37dW7ssV/ui4=
github.com/aws/aws-sdk-go-v2/service/codedeploy v1.30.5 h1:wLd6poct5Cn6Ga7mk9LRJCru7ZWJHKZIeandB72pAXw=
github.com/aws/aws-sdk-go-v2/service/codedeploy v1.30.5/go.mod h1:3NFU4WvcODsNUWeTGYj1ZBymIRREO7wTS9U0VvzC3GQ=
github.com/aws/aws-sdk-go-v2/service/codepipeline v1.42.1 h1:TRacHgtBRfh8SN2bwP1OFRVimRf11Gj/yotfIT0KuYw=
github.com/aws/aws-sdk-go-v2/service/codepipeline v1.42.1/go.mod h1:OVVbd02QodOoUX2nvgeSczQGf2gqJLNHSXH3gYOo4B8=
github.com/aws/aws-sdk-go-v2/service/codestar v1.23.4 h1:/1YQ/NAG5r0xlnh1BGoKJMYJblwPnG1Q45Wg/6z/6Tw=
github.com/aws/aws-sdk-go-v2/service/codestar v1.23.4/go.mod h1:foJHqBd96frt1pClXxCRahy9CrDtzxhq8JIHd+1ZqFs=
github.com/aws/aws-sdk-go-v2/service/comprehend v1.36.5 h1:HKw6nbdj/Dsb2EKVDtAdp/6K/sfwBakEYSb46OXCSjY=
github.com/aws/aws-sdk-go-v2/service/comprehend v1.36.5/go.mod h1:H3TzhtOs+hk+oxxOm4OFmVbfphop9ybhS/ukAQ5xFT8=
github.com/aws/aws-sdk-go-v2/service/datapipeline v1.26.3 h1:s/f41dpBA3hof4XrTadtRGiKkBC7OML1LoJOe+m4XeA=
github.com/aws/aws-sdk-go-v2/service/datapipeline v1.26.3/go.mod h1:Da1/aAwxAE6TNz7hSh+n6Uco2EdH4RRlfsSY/rX3Kt0=
github.com/aws/aws-sdk-go-v2/service/datasync v1.49.2 h1:ydiY3Dohg92VoHLEwqcujv4BjppIIcE1vOZn7It7geo=
github.com/aws/aws-sdk-go-v2/service/datasync v1.49.2/go.mod h1:Ir9PATSX3wW09nYPVX7Ewv+zsORn5aAO/7ODncKVDQ4=
github.com/aws/aws-sdk-go-v2/service/dax v1.24.3 h1:yh9dXhKBFJwyKI+KoixF7RqvpGbLzDidqu/JWjoPegg=
github.com/aws/aws-sdk-go-v2/service/dax v1.24.3/go.mod h1:4Hol4pF4qB9sW7AD7pZGdOgE+RXB7o3Lak5ysrs9vCc=
github.com/aws/aws-sdk-go-v2/service/devicefarm v1.31.1 h1:g7vNGlEOrMoZhpz7nvPCdif8iueuBkB9lhr8w+fp0qs=
github.com/aws/aws-sdk-go-v2/service/devicefarm v1.31.1/go.mod h1:g4ucrJdAaXWhh8lReCtlm9KgnRquvoZ8I26cluLs0rA=
github.com/aws/aws-sdk-go-v2/service/directconnect v1.32.4 h1:EYvlzJp2YXnliUAdyEDr4lq4Da8lIgh2K39YKv9iBD0=
github.com/aws/aws-sdk-go-v2/service/directconnect v1.32.4/go.mod h1:yfTbqPiM7V17AxKPdUNNrDgsypV+kIuuJDUgXO31YOc=
github.com/aws/aws-sdk-go-v2/service/dlm v1.30.6 h1:+/D1tHjJie25e+neR5+NnNgZOeBLUFr2PbIkyEusfGA=
github.com/aws/aws-sdk-go-v2/service/dlm v1.30.6/go.mod h1:KgA+CslMezgqdlZY3J4aUwEsPJ5wWeUiAQL+Fa/9dRw=
github.com/aws/aws-sdk-go-v2/service/dynamodb v1.43.3 h1:2FCJAT5wyPs5JjAFoLgaEB0MIiWvXiJ0T6PZiKDkJoo=
github.com/aws/aws-sdk-go-v2/service/dynamodb v1.43.3/go.mod h1:rUOhTo9+gtTYTMnGD+xiiks/2Z8vssPP+uSMNhJBbmI=
github.com/aws/aws-sdk-go-v2/service/ec2 v1.225.1 h1:J76cGc7WVOYvl2MMFtOdijDZKfyOGyd+qIsROFZAPhg=
github.com/aws/aws-sdk-go-v2/service/ec2 v1.225.1/go.mod h1:x6tX41NB2h3WJfIXlBftg9JhawCddw/kcWVBYe7uNaw=
github.com/aws/aws-sdk-go-v2/service/ecr v1.44.2 h1:USCQWra7IXZiH25796EZizvSRmJeS5wJNrdv70JIk0o=
github.com/aws/aws-sdk-go-v2/service/ecr v1.44.2/go.mod h1:H8cjdbuLk7oS/NbgIixh/QIPcuUgOfeK3+FiqqrSKE0=
github.com/aws/aws-sdk-go-v2/service/ecs v1.57.4 h1:csly/F1nhtec6JUlxFScBmfPa7OE+k0h0W6XTfOeQoQ=
github.com/aws/aws-sdk-go-v2/service/ecs v1.57.4/go.mod h1:b5vwKcSbKr0cuqx/uZsh+mAshMzPQ8XV3o2+oE4BTb4=
github.com/aws/aws-sdk-go-v2/service/eks v1.66.0 h1:t3F1y6P7ytAoeOVPVgwHv8XKK88nLBHF/qnsRsTGmhc=
github.com/aws/aws-sdk-go-v2/service/eks v1.66.0/go.mod h1:P2bS5zLBmp8vYlFnKqI2uy7nSw/al941zXYxlcVfuhw=
github.com/aws/aws-sdk-go-v2/service/elasticache v1.46.2 h1:bNaKe1fU/HGd0rpYKSdrqkFa1+WLYePtpUh6uJjSnYc=
github.com/aws/aws-sdk-go-v2/service/elasticache v1.46.2/go.mod h1:5gBy+YGamOlD/Czjh23VFkzj5khL+BcTBiqWYYfrPmA=
github.com/aws/aws-sdk-go-v2/service/elasticbeanstalk v1.29.3 h1:uwCgHnGo51i4MBgii3x/V8EpSF+a7JLCCH/bi/cuCcY=
github.com/aws/aws-sdk-go-v2/service/elasticbeanstalk v1.29.3/go.mod h1:hYZh2QT3DjmXAPOQXfNCR9reyf4xX4rIpAhRmW4K0iU=
github.com/aws/aws-sdk-go-v2/service/elastictranscoder v1.28.3 h1:+w2mToTCKaM/+PI2P4ny2ZAcU85vVGNIPcj/5tFxQ3E=
github.com/aws/aws-sdk-go-v2/service/elastictranscoder v1.28.3/go.mod h1:bJJDX7ICtsAQkBqV3DWVXohQcFdM3+g4rdm57MhTyN4=
github.com/aws/aws-sdk-go-v2/service/firehose v1.37.6 h1:nyO4n7UpcFJbPtl3/fGyDcOZxTw6jDbRRDaCJDd5xEY=
github.com/aws/aws-sdk-go-v2/service/firehose v1.37.6/go.mod h1:oPi+WYQMX87VYro0n2uTrDzIKgomKKaYZR4QuzKGqqA=
github.com/aws/aws-sdk-go-v2/service/fms v1.40.4 h1:i4vVJDzxBPb8rC+jm3yzdzcyn9kjNUri910ZjwzW+bw=
github.com/aws/aws-sdk-go-v2/service/fms v1.40.4/go.mod h1:BVQ2PBaPFcU9Y3yw5kNzZjPgkLg6EY5+bN4Ybw1jEwM=
github.com/aws/aws-sdk-go-v2/service/fsx v1.54.1 h1:2SSTaUD4tfGrBliAsJHecEMX9A9Zy8zbHjnDNM02zeE=
github.com/aws/aws-sdk-go-v2/service/fsx v1.54.1/go.mod h1:bNquT9LFLpis0XcWogGwsjCnrrcbe9FVGJXmN+fL/GA=
github.com/aws/aws-sdk-go-v2/service/gamelift v1.41.2 h1:J2czkONN6NumEr7+I6F5YBeiOs5C1xYURnBTAvwFhKc=
github.com/aws/aws-sdk-go-v2/service/gamelift v1.41.2/go.mod h1:H3cWDzi8c/Xw80AC6MwK23nn8FkR0Q1gUeW/Eo/BCs0=
github.com/aws/aws-sdk-go-v2/service/globalaccelerator v1.30.3 h1:pdvku+ZP8ZeFbGl2B5QL6zaEGMj1Xm2B7RivMPzNB5o=
github.com/aws/aws-sdk-go-v2/service/globalaccelerator v1.30.3/go.mod h1:0kDIaEbqNrTKNsd/TBkyE5q/wQC0ZQwMKVI2Uwjp4ps=
github.com/aws/aws-sdk-go-v2/service/glue v1.113.2 h1:2a8cW25euyNQPGJw4SbqkS9qHUzJM7a9qjyEOEZV1Qg=
github.com/aws/aws-sdk-go-v2/service/glue v1.113.2/go.mod h1:NDmtMQsxvRMoa8Ya/ci2RhuPCp0+bCKiCNOkJo1FUjw=
github.com/aws/aws-sdk-go-v2/service/greengrass v1.28.3 h1:Uy7NXK3neAMH/AzGXoTKgKITD441xU/vpYzE5k6JHm4=
github.com/aws/aws-sdk-go-v2/service/greengrass v1.28.3/go.mod h1:+3qNcPl4FO1b3kwR9/wYTiXC2QMNRCoM239IBEoC0RQ=
github.com/aws/aws-sdk-go-v2/service/guardduty v1.54.6 h1:CH31FiR9r+w/zicHL7nQo7TX7C/1d/OrskyhMWlpWFA=
github.com/aws/aws-sdk-go-v2/service/guardduty v1.54.6/go.mod h1:43bM5AHoEeyezGSAsbAklOIXBOn0+FYrzHQXeD2Q1jo=
github.com/aws/aws-sdk-go-v2/service/health v1.30.3 h1:calnqWx6QS7sSy50SkYxnvw5I4hxh+4Wne/9FYYiBHo=
github.com/aws/aws-sdk-go-v2/service/health v1.30.3/go.mod h1:EdJbR2a/rKOvTtMwmGuO1uvqDAw2xttLLbbyO+uaIP4=
github.com/aws/aws-sdk-go-v2/service/iam v1.42.1 h1:w41T3NvOJdpMeuAd3sXKGDj9hC3Gl2l/Ijl6WRAtkWg=
github.com/aws/aws-sdk-go-v2/service/iam v1.42.1/go.mod h1:JNyIvyaNq8HVkFePaU5lki3CTDa5YeGMZm+yeQBynko=
github.com/aws/aws-sdk-go-v2/service/inspector v1.26.3 h1:WUPWya+aniWJrcIO1656HrdzHORUHa0BaGB9lBuTqDQ=
github.com/aws/aws-sdk-go-v2/service/inspector v1.26.3/go.mod h1:S9n2d5w388Cd5DkaArg7ROPQGn0WjNi9wfEH4aoBhYo=
github.com/aws/aws-sdk-go-v2/service/internal/accept-encoding v1.12.3 h1:eAh2A4b5IzM/lum78bZ590jy36+d/aFLgKF/4Vd1xPE=
github.com/aws/aws-sdk-go-v2/service/internal/accept-encoding v1.12.3/go.mod h1:0yKJC/kb8sAnmlYa6Zs3QVYqaC8ug2AbnNChv5Ox3uA=
github.com/aws/aws-sdk-go-v2/service/internal/checksum v1.7.3 h1:VHPZakq2L7w+RLzV54LmQavbvheFaR2u1NomJRSEfcU=
github.com/aws/aws-sdk-go-v2/service/internal/checksum v1.7.3/go.mod h1:DX1e/lkbsAt0MkY3NgLYuH4jQvRfw8MYxTe9feR7aXM=
github.com/aws/aws-sdk-go-v2/service/internal/endpoint-discovery v1.10.16 h1:TLsOzHW9zlJoMgjcKQI/7bolyv/DL0796y4NigWgaw8=
github.com/aws/aws-sdk-go-v2/service/internal/endpoint-discovery v1.10.16/go.mod h1:mNoiR5qsO9TxXZ6psjjQ3M+Zz7hURFTumXHF+UKjyAU=
github.com/aws/aws-sdk-go-v2/service/internal/presigned-url v1.12.16 h1:/ldKrPPXTC421bTNWrUIpq3CxwHwRI/kpc+jPUTJocM=
github.com/aws/aws-sdk-go-v2/service/internal/presigned-url v1.12.16/go.mod h1:5vkf/Ws0/wgIMJDQbjI4p2op86hNW6Hie5QtebrDgT8=
github.com/aws/aws-sdk-go-v2/service/internal/s3shared v1.18.16 h1:2HuI7vWKhFWsBhIr2Zq8KfFZT6xqaId2XXnXZjkbEuc=
github.com/aws/aws-sdk-go-v2/service/internal/s3shared v1.18.16/go.mod h1:BrwWnsfbFtFeRjdx0iM1ymvlqDX1Oz68JsQaibX/wG8=
github.com/aws/aws-sdk-go-v2/service/iot v1.64.3 h1:da4mH0lxfgnjnwPtSjLoowLK18Qvt8TqYTae0t0F9gE=
github.com/aws/aws-sdk-go-v2/service/iot v1.64.3/go.mod h1:yQ5gtZ5v1oQ+xaWTzE6UHDW6EIA5rFGUQ8yiJ4mhZSI=
github.com/aws/aws-sdk-go-v2/service/iotanalytics v1.27.3 h1:bSsTlrs2I80jdATjRHuYvfAm6r2DXWGj2sElwat7sGk=
github.com/aws/aws-sdk-go-v2/service/iotanalytics v1.27.3/go.mod h1:JOnYhw2KTxcj4QlqIOM7PBsYbKo7IZKLqN5pRis7zOg=
github.com/aws/aws-sdk-go-v2/service/kafka v1.39.4 h1:MxEo2XdEHj86sJ1mRVnxYjTnYoGU1WSp/awFLV8XfUw=
github.com/aws/aws-sdk-go-v2/service/kafka v1.39.4/go.mod h1:to5/3x7VR1f9gQ0SwZc+EYZpmx74Cp+w5kqx258nYGU=
github.com/aws/aws-sdk-go-v2/service/kinesis v1.35.2 h1:LVcnx7RkHThweMHjS8tyGJUyUcNazXZu/eE+hVGQIMg=
github.com/aws/aws-sdk-go-v2/service/kinesis v1.35.2/go.mod h1:tqQFJAF0UKNmK0Pt5fuclCwMGsM5dvMEZccTf+6pAfU=
github.com/aws/aws-sdk-go-v2/service/kinesisanalytics v1.26.5 h1:BAJbIggB50PiP0fZmeQo2sVgAZPakdagxOJR5UxTfYc=
github.com/aws/aws-sdk-go-v2/service/kinesisanalytics v1.26.5/go.mod h1:T6Cvs8KRLj15132ZEtTxAuJutaiDpgCtoSI7UdlHt/w=
github.com/aws/aws-sdk-go-v2/service/kinesisvideo v1.28.3 h1:+tyyFvRvXWrBB0R+U3oY3kAw9X/kLHJbawvr5VYU4Dc=
github.com/aws/aws-sdk-go-v2/service/kinesisvideo v1.28.3/go.mod h1:3NM8FRWF9jl9+GrZNXNzomhZ1zusi5kB+LApvUhBqVM=
github.com/aws/aws-sdk-go-v2/service/kms v1.40.1 h1:IGc0wn5dw/pliuvZbmuS0r9jLun8Xtd+sNMrzyjjuOQ=
github.com/aws/aws-sdk-go-v2/service/kms v1.40.1/go.mod h1:RyhzxkWGcfixlkieewzpO3D4P4fTMxhIDqDZWsh0u/4=
github.com/aws/aws-sdk-go-v2/service/lambda v1.71.4 h1:BBo3xmxFGiO5LgxJLTGUxaGCEukzPDUFQv0xxgrcCQA=
github.com/aws/aws-sdk-go-v2/service/lambda v1.71.4/go.mod h1:wZvV7k5yxtDgEpSy4z5EjBiL9vyzrDCJFlYcVJaGtCQ=
github.com/aws/aws-sdk-go-v2/service/lightsail v1.43.3 h1:8NcRiAZn54D1W6rQZaZfZtjnLH07WciOhDcYIKpVKQM=
github.com/aws/aws-sdk-go-v2/service/lightsail v1.43.3/go.mod h1:nramkVwrN/StFgVfTZp6Azi1J4lWnq+99fwpJRTasj4=
github.com/aws/aws-sdk-go-v2/service/machinelearning v1.29.3 h1:/3vBFbIuVmQOdIz+e2B6JzmLeJD68Y14qU5YdoP9wkE=
github.com/aws/aws-sdk-go-v2/service/machinelearning v1.29.3/go.mod h1:cu89/2NFXEMD8vr6DJv/FfkHm/LZs3X0hKUg87D81tM=
github.com/aws/aws-sdk-go-v2/service/macie v1.19.2 h1:RW9JYS4dYE0vRVo9UX7S6vImu35JzMxzuKNv8mSsOec=
github.com/aws/aws-sdk-go-v2/service/macie v1.19.2/go.mod h1:UzjH4DI9bajT9ZwCPn9wBj+DD1CvIVJv0IYCc9YbDZo=
github.com/aws/aws-sdk-go-v2/service/mediaconnect v1.40.1 h1:sP2j74M+K0JXspGArDRZHV6JC7nrnx+g68a5W9kNy/U=
github.com/aws/aws-sdk-go-v2/service/mediaconnect v1.40.1/go.mod h1:hvf/MLIUYnQBV7a2qDPfED/fzIZ6b2pawLeSLUP1uaI=
github.com/aws/aws-sdk-go-v2/service/mediaconvert v1.74.1 h1:pmxTaWWH0x6+Ka8WCMlC6Q9FBy5CH68sbxB17rPw2VI=
github.com/aws/aws-sdk-go-v2/service/mediaconvert v1.74.1/go.mod h1:Xa5tEO/g7J2UQQqx47cOt7bhCCg0sHBnjacj2BvUsb4=
github.com/aws/aws-sdk-go-v2/service/medialive v1.76.1 h1:TDS6aZrfHYs2UnSldXIaNNW9yi4Ij3ZL2BVCeW3XNfM=
github.com/aws/aws-sdk-go-v2/service/medialive v1.76.1/go.mod h1:zqAs1KZWpMSj+wGboD0HaIzXUVbhylo1+66FqaBJOE4=
github.com/aws/aws-sdk-go-v2/service/mediapackage v1.35.3 h1:ksXM60C5/zEfMIVTUBCDXbsDfw9Bp/0NtxBzgFWnU48=
github.com/aws/aws-sdk-go-v2/service/mediapackage v1.35.3/go.mod h1:FC+iSyGyzIyldMe8XCF/ULeUeUwkZPkQy6ggE6fG5w4=
github.com/aws/aws-sdk-go-v2/service/mediastore v1.25.3 h1:3kiLH1HXyKW0iKlSJFJfuL2E5vUTJYBhvLOhY0kkDX8=
github.com/aws/aws-sdk-go-v2/service/mediastore v1.25.3/go.mod h1:6wuizMjaJtYelVXRx1J1kohrLirFt85eeaLJAv5fzBc=
github.com/aws/aws-sdk-go-v2/service/mediatailor v1.48.1 h1:YfnJRoQY0eeP+7TJV53gqSb5DNn/aTg1Kj9BtrPiWlY=
github.com/aws/aws-sdk-go-v2/service/mediatailor v1.48.1/go.mod h1:/YCpQoBA/EmQOJhMQq6vfzj1wQ96m+FWOW/r2DbNm9c=
github.com/aws/aws-sdk-go-v2/service/mobile v1.21.3 h1:PJ9+RyeIdMaCVC6pcygCv1LIzijwP5Zox2QP/Iy86tk=
github.com/aws/aws-sdk-go-v2/service/mobile v1.21.3/go.mod h1:Ue2fkPuJ2H6OCgUEmje3gRh+paOEj0G2L0GrrivYEYQ=
github.com/aws/aws-sdk-go-v2/service/mq v1.29.1 h1:ItUR5rYq/8NDBAnSPCA2M68InQb3blxmaNGnSjbMOPE=
github.com/aws/aws-sdk-go-v2/service/mq v1.29.1/go.mod h1:uJ3Y+h3meQDYjY+9lRInOH4PWdOFUeFXJUVyohyDFPo=
github.com/aws/aws-sdk-go-v2/service/opsworks v1.27.4 h1:c6mXuAPQS/JojJLMCODUiqtWWBjCJ3QfeOUF5zNa28Y=
github.com/aws/aws-sdk-go-v2/service/opsworks v1.27.4/go.mod h1:pF0Cs01QBJAJmEYUXwPJHoytIduzAtb9STPYkumRkKw=
github.com/aws/aws-sdk-go-v2/service/organizations v1.38.4 h1:c9K/EJ59uX93DPV1KAlNPDVBEi9HNEH8pnnauJrl1IA=
github.com/aws/aws-sdk-go-v2/service/organizations v1.38.4/go.mod h1:Ldi1UjvCP73Z6b0fJDxkNj2W074iu0QTC+XYUnmLTGA=
github.com/aws/aws-sdk-go-v2/service/pinpoint v1.35.3 h1:rR+YdbAya9JmcEeFDjmPv8v6ea3oLLFq6/zMbAX/P1M=
github.com/aws/aws-sdk-go-v2/service/pinpoint v1.35.3/go.mod h1:RYz8YnzQC1ymNwgDICg/G/3Ajkf+oAAw1wTzJxSEvos=
github.com/aws/aws-sdk-go-v2/service/polly v1.48.3 h1:7CcdnfsizOqskKOnMP8W9yIB7FC+WcjZTzXparJ7K+Q=
github.com/aws/aws-sdk-go-v2/service/polly v1.48.3/go.mod h1:t9d59eHr77soS6Sm8eK5ENIO9NUadjwRmOvc3h161p4=
github.com/aws/aws-sdk-go-v2/service/pricing v1.34.4 h1:QsKedkvvxFCUcXOkZbvavtVqE69Bq4XUXYrjCLyMJac=
github.com/aws/aws-sdk-go-v2/service/pricing v1.34.4/go.mod h1:79ETyFuGYdCAtJdeaB3K3VVZ6fO8Z7DWxQBtyuBsM/c=
github.com/aws/aws-sdk-go-v2/service/ram v1.30.5 h1:mjcV1b859rhhQxJK7sRxgRr54TxHbZ8+MRfoZho4WKs=
github.com/aws/aws-sdk-go-v2/service/ram v1.30.5/go.mod h1:ZuxkFNN8k8eBWPVdheDk0wSiuzlpvU/R2PB3SIgFSaw=
github.com/aws/aws-sdk-go-v2/service/rds v1.97.2 h1:N+D6+OOV0IXLFKLbQlCbLZv6zzE/WXzpusyBAc9x1A8=
github.com/aws/aws-sdk-go-v2/service/rds v1.97.2/go.mod h1:CeWU2pblMkdjpXeHDA8wmZNsi3Vx47ZYqeZnHWDChbM=
github.com/aws/aws-sdk-go-v2/service/redshift v1.54.5 h1:E5FjBV8mSemy8thpCYBuXNnWfvqzUHtXrTsa3jckaq0=
github.com/aws/aws-sdk-go-v2/service/redshift v1.54.5/go.mod h1:ypDa5b64full4IRdWBddSOqujlwHjBql9V824OQ7KjA=
github.com/aws/aws-sdk-go-v2/service/rekognition v1.47.1 h1:fVzsS5eVD0/tQ6XwH9ZnVU2G71I4a/trioKe1Ud1XrQ=
github.com/aws/aws-sdk-go-v2/service/rekognition v1.47.1/go.mod h1:nHINz5bhdrwmP2UbkZ0VurKY2tTFqqtbllu4TuPKnRs=
github.com/aws/aws-sdk-go-v2/service/robomaker v1.31.3 h1:OIgGLnouN0jCx6pDbnT6zhFyq8ctySoK37efgwiEeio=
github.com/aws/aws-sdk-go-v2/service/robomaker v1.31.3/go.mod h1:xYy1ZWEjWqN/radFGh27BXdDbqZ/rmDKQEIILMGxx84=
github.com/aws/aws-sdk-go-v2/service/route53 v1.52.1 h1:PAbznrQ8b8IwTUJgBdcbVqc+r57SO3jy0YJi9bJKPmQ=
github.com/aws/aws-sdk-go-v2/service/route53 v1.52.1/go.mod h1:cpFFGJ0A6WKZjf26TVzYI3qFhbFXXb7xeF5bOOMax6c=
github.com/aws/aws-sdk-go-v2/service/route53domains v1.29.3 h1:6OZHzQfDtZjE2Ybr982Dh5WpcPGdrqWIbM983LruxSQ=
github.com/aws/aws-sdk-go-v2/service/route53domains v1.29.3/go.mod h1:j3C0qYEfF9W9u4VqxlxxLk+7nRLN9Mp3UxJ1xwZIggM=
github.com/aws/aws-sdk-go-v2/service/route53resolver v1.35.5 h1:2fC7VJuBQ1Y52Ta8cKjJLiqXCMElwaHDuhG3HFcxWPw=
github.com/aws/aws-sdk-go-v2/service/route53resolver v1.35.5/go.mod h1:rkGt4fiyZQv8CT6C5Otv5CO1Ox312L3xkItoK9LBATA=
github.com/aws/aws-sdk-go-v2/service/s3 v1.80.2 h1:T6Wu+8E2LeTUqzqQ/Bh1EoFNj1u4jUyveMgmTlu9fDU=
github.com/aws/aws-sdk-go-v2/service/s3 v1.80.2/go.mod h1:chSY8zfqmS0OnhZoO/hpPx/BHfAIL80m77HwhRLYScY=
github.com/aws/aws-sdk-go-v2/service/sagemaker v1.195.1 h1:cuzLqm9ZQk7A3gpQj+dM6fAXgtsbRCNNPlxgHbF16eo=
github.com/aws/aws-sdk-go-v2/service/sagemaker v1.195.1/go.mod h1:89Aec6Zcc6vArObp6c4zyxlGzSZgqp5L4i7iPZ9PTv0=
github.com/aws/aws-sdk-go-v2/service/secretsmanager v1.35.6 h1:l4mxH8imZoflVEWWa8VT8skwObm+t0KEveqEskyiKEo=
github.com/aws/aws-sdk-go-v2/service/secretsmanager v1.35.6/go.mod h1:1qwmvfRBGTQ5shUxu+eQO/S2+O6o6SxbvcvtN62kmc0=
github.com/aws/aws-sdk-go-v2/service/securityhub v1.57.5 h1:7JKYx57ruLP0ZbzmN9FyTjvziNeUkOvQ8wpDjqyN7us=
github.com/aws/aws-sdk-go-v2/service/securityhub v1.57.5/go.mod h1:zb2yBfde6aVYQjNddE2VWj2RxpfU7y5lQ7JIgTtNPRM=
github.com/aws/aws-sdk-go-v2/service/servicecatalog v1.34.1 h1:fTfGVNAblVfKTsnbDPL5ftnug2IgO+hl9S/n4XJYa/o=
github.com/aws/aws-sdk-go-v2/service/servicecatalog v1.34.1/go.mod h1:MugO9AofCT/YpDCiFQZwz61Nvp5nmf4SR29QJu+JD6Q=
github.com/aws/aws-sdk-go-v2/service/shield v1.30.3 h1:aegxNq8YYZ130ePU8U2JuiIGTw1TaS60K5nrfRnhXa4=
github.com/aws/aws-sdk-go-v2/service/shield v1.30.3/go.mod h1:29qQ2R8kjwLMIlYJLusxZ40kbYGXFDvwTi7M6mQk0Ns=
github.com/aws/aws-sdk-go-v2/service/signer v1.27.3 h1:tj9Mv9RpbDBXEdIBk4ieP7W9CLKZxhnCy7Io/bkfGyY=
github.com/aws/aws-sdk-go-v2/service/signer v1.27.3/go.mod h1:SxReGcr5t7eKFfLB6nEUq8GqF84TIXGiE7Q7bfN7+qE=
github.com/aws/aws-sdk-go-v2/service/sms v1.25.3 h1:/Sya15T0MBvTGvx6m5EmZNE3uXg3AeVJL6MsIDvC1Jg=
github.com/aws/aws-sdk-go-v2/service/sms v1.25.3/go.mod h1:tfs6XnQWJPbeLtSEZ/McNLDvZwLQAcIJXcfLPAnXqtg=
github.com/aws/aws-sdk-go-v2/service/snowball v1.31.4 h1:gL43febomD5c4h2LKn5wcafWJuPGxLZY6ZZndOqEzjM=
github.com/aws/aws-sdk-go-v2/service/snowball v1.31.4/go.mod h1:5DKCfU4YD5OQrpFVvq0Vzz+cEsH+MoVaZ/mnUuw3Fzs=
github.com/aws/aws-sdk-go-v2/service/sns v1.34.6 h1:+UdAoQcO1KupOdam6vJC06kzmbeES64L0W9FM+LEvow=
github.com/aws/aws-sdk-go-v2/service/sns v1.34.6/go.mod h1:0PvYt3tRBPMJ/vky7631/4C6OCvWecnWwR6oq1jF4Uk=
github.com/aws/aws-sdk-go-v2/service/sqs v1.38.7 h1:hbOlzaZYwfKhLss4XhjtcEQkVCI6BnzzYF+Wrlhtv/w=
github.com/aws/aws-sdk-go-v2/service/sqs v1.38.7/go.mod h1:cSnwA6RKvtcl0f7ORIrOdSVV6XQmdAHUDAxuQRGF/kw=
github.com/aws/aws-sdk-go-v2/service/ssm v1.59.2 h1:wzDYymXI+sReD/ui0sXELurI0HWNBz7jBjLCJcf6pYw=
github.com/aws/aws-sdk-go-v2/service/ssm v1.59.2/go.mod h1:xrkLYIKQHpraKZ6OhTeY/DL7tuzc4hxmX3iz62V1yic=
github.com/aws/aws-sdk-go-v2/service/sso v1.25.4 h1:EU58LP8ozQDVroOEyAfcq0cGc5R/FTZjVoYJ6tvby3w=
github.com/aws/aws-sdk-go-v2/service/sso v1.25.4/go.mod h1:CrtOgCcysxMvrCoHnvNAD7PHWclmoFG78Q2xLK0KKcs=
github.com/aws/aws-sdk-go-v2/service/ssooidc v1.30.2 h1:XB4z0hbQtpmBnb1FQYvKaCM7UsS6Y/u8jVBwIUGeCTk=
github.com/aws/aws-sdk-go-v2/service/ssooidc v1.30.2/go.mod h1:hwRpqkRxnQ58J9blRDrB4IanlXCpcKmsC83EhG77upg=
github.com/aws/aws-sdk-go-v2/service/storagegateway v1.37.2 h1:HCaVx1qSZJhE5BmqBv2GOzfG5hEA8mkSeZVT4hhEgcM=
github.com/aws/aws-sdk-go-v2/service/storagegateway v1.37.2/go.mod h1:tc9FHBMuCGcNXf4XKR9shWmwLI7MSGcjUQcmVa0VIVw=
github.com/aws/aws-sdk-go-v2/service/sts v1.33.21 h1:nyLjs8sYJShFYj6aiyjCBI3EcLn1udWrQTjEF+SOXB0=
github.com/aws/aws-sdk-go-v2/service/sts v1.33.21/go.mod h1:EhdxtZ+g84MSGrSrHzZiUm9PYiZkrADNja15wtRJSJo=
github.com/aws/aws-sdk-go-v2/service/support v1.27.3 h1:gKLiAPDH8fGuQHIrkv/+ur5OV6oDKLCXjNKGzYwRvzY=
github.com/aws/aws-sdk-go-v2/service/support v1.27.3/go.mod h1:AB9JR+vIxmUNYJn6QS+wECxHrDaQro52Iql1JNDIvcs=
github.com/aws/aws-sdk-go-v2/service/transcribe v1.46.1 h1:07/L2ZtnFCCOSdM/JJ5JP9rWhXk7nBE2GuUJmyd7Faw=
github.com/aws/aws-sdk-go-v2/service/transcribe v1.46.1/go.mod h1:tlzosKt6qYGlS1KyAjcvz//MNjzDWjnZxVaQ/J77OF0=
github.com/aws/aws-sdk-go-v2/service/transfer v1.60.2 h1:d4UKwDJ8jzj7u5dZm3lHDKnLFniD4bZ4AQo3Cbvbrcc=
github.com/aws/aws-sdk-go-v2/service/transfer v1.60.2/go.mod h1:n+EkhmF2cmXz9ahEGPBVQRQVWUWv9sUUu3qZ9d8PnT8=
github.com/aws/aws-sdk-go-v2/service/translate v1.29.3 h1:p8RAgpr5i+/g3+k+apBjPjDAr0kAgk1mi3bG5FHSzDw=
github.com/aws/aws-sdk-go-v2/service/translate v1.29.3/go.mod h1:y4P4qA7PXH4np3uK8wcbOiccGvzYAu8W95aI9HO6rH0=
github.com/aws/aws-sdk-go-v2/service/waf v1.26.3 h1:ELz/WpjGc74EHMXWUjaQylEGaHk4dpc/z11suPtV7WI=
github.com/aws/aws-sdk-go-v2/service/waf v1.26.3/go.mod h1:gV2svRhDW0gAvZyia1psvAueHbgxfwG/kVahaMByDm8=
github.com/aws/aws-sdk-go-v2/service/workdocs v1.26.3 h1:o0lj9weE+93+irl/SMO2NWkpw+ZPh3H7mJVZHz2C6nU=
github.com/aws/aws-sdk-go-v2/service/workdocs v1.26.3/go.mod h1:TTdE6UPze7WLc0DCmWuy3Lsl/jeV/ciNroVy5DVMlC4=
github.com/aws/aws-sdk-go-v2/service/worklink v1.23.2 h1:VN3Qydtdl3UlJRHVxQxSP1d8I5gtvT5zdaCCAfZST7Y=
github.com/aws/aws-sdk-go-v2/service/worklink v1.23.2/go.mod h1:Z3RLpIq4q49syd921XdsKeD584kPu89iKTEjluh7908=
github.com/aws/aws-sdk-go-v2/service/workmail v1.31.3 h1:LaYJbMWHyKxqN6HS48JZCuJeo3iSox3IVyPdDfmm1do=
github.com/aws/aws-sdk-go-v2/service/workmail v1.31.3/go.mod h1:kUdvICJ2obSxX+3JuecYO9H0kGAHHRyiX3uJIiuWmB0=
github.com/aws/aws-sdk-go-v2/service/workspaces v1.57.1 h1:262jTSH7ISftyQuyjfvu8fT2MFdiTvBlnErjMS2zREg=
github.com/aws/aws-sdk-go-v2/service/workspaces v1.57.1/go.mod h1:lEtanWLOw3QhkrE+z3iywwGaH2WAGfRiYV3jq40frTA=
github.com/aws/aws-sdk-go-v2/service/xray v1.31.6 h1:tKnJ3+fov+V2Gu+MKibPJUgev8v7rgFk7v1hws9Acfo=
github.com/aws/aws-sdk-go-v2/service/xray v1.31.6/go.mod h1:1+mZDnE0uDVAAH5Ffj3ko3lkExRBtOI4EdUQFaZrUSc=
github.com/aws/smithy-go v1.22.2 h1:6D9hW43xKFrRx/tXXfAlIZc4JI+yQe6snnWcQyxSyLQ=
github.com/aws/smithy-go v1.22.2/go.mod h1:irrKGvNn1InZwb2d7fkIRNucdfwR8R+Ts3wxYa/cJHg=
github.com/fatih/color v1.18.0 h1:S8gINlzdQ840/4pfAwic/ZE0djQEH3wM94VfqLTZcOM=
github.com/fatih/color v1.18.0/go.mod h1:4FelSpRwEGDpQ12mAdzqdOukCy4u8WUtOY6lkT/6HfU=
github.com/google/go-cmp v0.5.8 h1:e6P7q2lk1O+qJJb4BtCQXlK8vWEO8V1ZeuEdJNOqZyg=
github.com/google/go-cmp v0.5.8/go.mod h1:17dUlkBOakJ0+DkrSSNjCkIjxS6bF9zb3elmeNGIjoY=
github.com/joho/godotenv v1.5.1 h1:7eLL/+HRGLY0ldzfGMeQkb7vMd0as4CfYvUVzLqw0N0=
github.com/joho/godotenv v1.5.1/go.mod h1:f4LDr5Voq0i2e/R5DDNOoa2zzDfwtkZa6DnEwAbqwq4=
github.com/mattn/go-colorable v0.1.13 h1:fFA4WZxdEF4tXPZVKMLwD8oUnCTTo08duU7wxecdEvA=
github.com/mattn/go-colorable v0.1.13/go.mod h1:7S9/ev0klgBDR4GtXTXX8a3vIGJpMovkB8vQcUbaXHg=
github.com/mattn/go-isatty v0.0.16/go.mod h1:kYGgaQfpe5nmfYZH+SKPsOc2e4SrIfOl2e/yFXSvRLM=
github.com/mattn/go-isatty v0.0.20 h1:xfD0iDuEKnDkl03q4limB+vH+GxLEtL/jb4xVJSWWEY=
github.com/mattn/go-isatty v0.0.20/go.mod h1:W+V8PltTTMOvKvAeJH7IuucS94S2C6jfK/D7dTCTo3Y=
github.com/wayneashleyberry/terminal-dimensions v1.1.0 h1:EB7cIzBdsOzAgmhTUtTTQXBByuPheP/Zv1zL2BRPY6g=
github.com/wayneashleyberry/terminal-dimensions v1.1.0/go.mod h1:2lc/0eWCObmhRczn2SdGSQtgBooLUzIotkkEGXqghyg=
golang.org/x/sys v0.0.0-20220811171246-fbc7d0a398ab/go.mod h1:oPkhp1MJrh7nUepCBck5+mAzfO9JrbApNNgaTdGDITg=
golang.org/x/sys v0.6.0/go.mod h1:oPkhp1MJrh7nUepCBck5+mAzfO9JrbApNNgaTdGDITg=
golang.org/x/sys v0.25.0 h1:r+8e+loiHxRqhXVl6ML1nO3l1+oFoWbnlu2Ehimmi34=
golang.org/x/sys v0.25.0/go.mod h1:/VUhepiaJMQUp4+oa/7Zr1D23ma6VTLIYjOOTFZPUcA=
